
Microsoft Visual Studio Solution File, Format Version 12.00
# Visual Studio Version 16
VisualStudioVersion = 16.0.31105.61
MinimumVisualStudioVersion = 10.0.40219.1
Project("{FAE04EC0-301F-11D3-BF4B-00C04F79EFBC}") = "MiWebApi", "MiWebApi\MiWebApi.csproj", "{786C93E7-61C5-4563-AA19-029DFA08F4B2}"
EndProject
Project("{FAE04EC0-301F-11D3-BF4B-00C04F79EFBC}") = "ConectarDatos", "ConectarDatos\ConectarDatos.csproj", "{45D0765E-60D9-45F8-90B8-543F78CB2716}"
EndProject
Global
	GlobalSection(SolutionConfigurationPlatforms) = preSolution
		Debug|Any CPU = Debug|Any CPU
		Release|Any CPU = Release|Any CPU
	EndGlobalSection
	GlobalSection(ProjectConfigurationPlatforms) = postSolution
		{786C93E7-61C5-4563-AA19-029DFA08F4B2}.Debug|Any CPU.ActiveCfg = Debug|Any CPU
		{786C93E7-61C5-4563-AA19-029DFA08F4B2}.Debug|Any CPU.Build.0 = Debug|Any CPU
		{786C93E7-61C5-4563-AA19-029DFA08F4B2}.Release|Any CPU.ActiveCfg = Release|Any CPU
		{786C93E7-61C5-4563-AA19-029DFA08F4B2}.Release|Any CPU.Build.0 = Release|Any CPU
		{45D0765E-60D9-45F8-90B8-543F78CB2716}.Debug|Any CPU.ActiveCfg = Debug|Any CPU
		{45D0765E-60D9-45F8-90B8-543F78CB2716}.Debug|Any CPU.Build.0 = Debug|Any CPU
		{45D0765E-60D9-45F8-90B8-543F78CB2716}.Release|Any CPU.ActiveCfg = Release|Any CPU
		{45D0765E-60D9-45F8-90B8-543F78CB2716}.Release|Any CPU.Build.0 = Release|Any CPU
	EndGlobalSection
	GlobalSection(SolutionProperties) = preSolution
		HideSolutionNode = FALSE
	EndGlobalSection
	GlobalSection(ExtensibilityGlobals) = postSolution
		SolutionGuid = {3D47ABA9-8073-4279-AB51-2A22B08AA414}
	EndGlobalSection
EndGlobal
